
Microsoft Visual Studio Solution File, Format Version 12.00
# Visual Studio 15
Project("{FAE04EC0-301F-11D3-BF4B-00C04F79EFBC}") = "AllIn1VfxDemoScriptAssemblies", "AllIn1VfxDemoScriptAssemblies.csproj", "{1AE61CA3-0213-409C-4189-577E759DA96A}"
EndProject
Project("{FAE04EC0-301F-11D3-BF4B-00C04F79EFBC}") = "Assembly-CSharp", "Assembly-CSharp.csproj", "{B75E3643-029B-D408-3CBC-48BDE0932CDF}"
EndProject
Project("{FAE04EC0-301F-11D3-BF4B-00C04F79EFBC}") = "ToonyColorsPro.Editor", "ToonyColorsPro.Editor.csproj", "{8DD71A40-8318-2662-1997-730CED956614}"
EndProject
Project("{FAE04EC0-301F-11D3-BF4B-00C04F79EFBC}") = "AllIn1VfxAssmebly", "AllIn1VfxAssmebly.csproj", "{BD0BF4B7-2323-8249-2849-9278A3EC386F}"
EndProject
Project("{FAE04EC0-301F-11D3-BF4B-00C04F79EFBC}") = "AllIn1VfxTexDemoAssembly", "AllIn1VfxTexDemoAssembly.csproj", "{EE8CB7F7-298E-F3A7-32D6-A4BAEF0738F1}"
EndProject
Project("{FAE04EC0-301F-11D3-BF4B-00C04F79EFBC}") = "Assembly-CSharp-firstpass", "Assembly-CSharp-firstpass.csproj", "{ADA33683-D44A-82D1-280B-F65FD464EC6E}"
EndProject
Project("{FAE04EC0-301F-11D3-BF4B-00C04F79EFBC}") = "ToonyColorsPro2.Demo", "ToonyColorsPro2.Demo.csproj", "{AB1A5C14-5FD0-4E0F-2B8F-6A7A95DDC3C2}"
EndProject
Project("{FAE04EC0-301F-11D3-BF4B-00C04F79EFBC}") = "Assembly-CSharp-Editor", "Assembly-CSharp-Editor.csproj", "{78EE0155-5DFC-FEE2-C9B7-F8E55D062965}"
EndProject
Project("{FAE04EC0-301F-11D3-BF4B-00C04F79EFBC}") = "ToonyColorsPro.Runtime", "ToonyColorsPro.Runtime.csproj", "{88BDDC0E-451D-7143-21A6-65EDA9C10C2C}"
EndProject
Project("{FAE04EC0-301F-11D3-BF4B-00C04F79EFBC}") = "ToonyColorsPro.Demo.Editor", "ToonyColorsPro.Demo.Editor.csproj", "{B1D23CF5-AFF0-1976-55E0-2B498DBAE1B0}"
EndProject
Global
	GlobalSection(SolutionConfigurationPlatforms) = preSolution
		Debug|Any CPU = Debug|Any CPU
		Release|Any CPU = Release|Any CPU
	EndGlobalSection
	GlobalSection(ProjectConfigurationPlatforms) = postSolution
		{1AE61CA3-0213-409C-4189-577E759DA96A}.Debug|Any CPU.ActiveCfg = Debug|Any CPU
		{1AE61CA3-0213-409C-4189-577E759DA96A}.Debug|Any CPU.Build.0 = Debug|Any CPU
		{1AE61CA3-0213-409C-4189-577E759DA96A}.Release|Any CPU.ActiveCfg = Release|Any CPU
		{1AE61CA3-0213-409C-4189-577E759DA96A}.Release|Any CPU.Build.0 = Release|Any CPU
		{B75E3643-029B-D408-3CBC-48BDE0932CDF}.Debug|Any CPU.ActiveCfg = Debug|Any CPU
		{B75E3643-029B-D408-3CBC-48BDE0932CDF}.Debug|Any CPU.Build.0 = Debug|Any CPU
		{B75E3643-029B-D408-3CBC-48BDE0932CDF}.Release|Any CPU.ActiveCfg = Release|Any CPU
		{B75E3643-029B-D408-3CBC-48BDE0932CDF}.Release|Any CPU.Build.0 = Release|Any CPU
		{8DD71A40-8318-2662-1997-730CED956614}.Debug|Any CPU.ActiveCfg = Debug|Any CPU
		{8DD71A40-8318-2662-1997-730CED956614}.Debug|Any CPU.Build.0 = Debug|Any CPU
		{8DD71A40-8318-2662-1997-730CED956614}.Release|Any CPU.ActiveCfg = Release|Any CPU
		{8DD71A40-8318-2662-1997-730CED956614}.Release|Any CPU.Build.0 = Release|Any CPU
		{BD0BF4B7-2323-8249-2849-9278A3EC386F}.Debug|Any CPU.ActiveCfg = Debug|Any CPU
		{BD0BF4B7-2323-8249-2849-9278A3EC386F}.Debug|Any CPU.Build.0 = Debug|Any CPU
		{BD0BF4B7-2323-8249-2849-9278A3EC386F}.Release|Any CPU.ActiveCfg = Release|Any CPU
		{BD0BF4B7-2323-8249-2849-9278A3EC386F}.Release|Any CPU.Build.0 = Release|Any CPU
		{EE8CB7F7-298E-F3A7-32D6-A4BAEF0738F1}.Debug|Any CPU.ActiveCfg = Debug|Any CPU
		{EE8CB7F7-298E-F3A7-32D6-A4BAEF0738F1}.Debug|Any CPU.Build.0 = Debug|Any CPU
		{EE8CB7F7-298E-F3A7-32D6-A4BAEF0738F1}.Release|Any CPU.ActiveCfg = Release|Any CPU
		{EE8CB7F7-298E-F3A7-32D6-A4BAEF0738F1}.Release|Any CPU.Build.0 = Release|Any CPU
		{ADA33683-D44A-82D1-280B-F65FD464EC6E}.Debug|Any CPU.ActiveCfg = Debug|Any CPU
		{ADA33683-D44A-82D1-280B-F65FD464EC6E}.Debug|Any CPU.Build.0 = Debug|Any CPU
		{ADA33683-D44A-82D1-280B-F65FD464EC6E}.Release|Any CPU.ActiveCfg = Release|Any CPU
		{ADA33683-D44A-82D1-280B-F65FD464EC6E}.Release|Any CPU.Build.0 = Release|Any CPU
		{AB1A5C14-5FD0-4E0F-2B8F-6A7A95DDC3C2}.Debug|Any CPU.ActiveCfg = Debug|Any CPU
		{AB1A5C14-5FD0-4E0F-2B8F-6A7A95DDC3C2}.Debug|Any CPU.Build.0 = Debug|Any CPU
		{AB1A5C14-5FD0-4E0F-2B8F-6A7A95DDC3C2}.Release|Any CPU.ActiveCfg = Release|Any CPU
		{AB1A5C14-5FD0-4E0F-2B8F-6A7A95DDC3C2}.Release|Any CPU.Build.0 = Release|Any CPU
		{78EE0155-5DFC-FEE2-C9B7-F8E55D062965}.Debug|Any CPU.ActiveCfg = Debug|Any CPU
		{78EE0155-5DFC-FEE2-C9B7-F8E55D062965}.Debug|Any CPU.Build.0 = Debug|Any CPU
		{78EE0155-5DFC-FEE2-C9B7-F8E55D062965}.Release|Any CPU.ActiveCfg = Release|Any CPU
		{78EE0155-5DFC-FEE2-C9B7-F8E55D062965}.Release|Any CPU.Build.0 = Release|Any CPU
		{88BDDC0E-451D-7143-21A6-65EDA9C10C2C}.Debug|Any CPU.ActiveCfg = Debug|Any CPU
		{88BDDC0E-451D-7143-21A6-65EDA9C10C2C}.Debug|Any CPU.Build.0 = Debug|Any CPU
		{88BDDC0E-451D-7143-21A6-65EDA9C10C2C}.Release|Any CPU.ActiveCfg = Release|Any CPU
		{88BDDC0E-451D-7143-21A6-65EDA9C10C2C}.Release|Any CPU.Build.0 = Release|Any CPU
		{B1D23CF5-AFF0-1976-55E0-2B498DBAE1B0}.Debug|Any CPU.ActiveCfg = Debug|Any CPU
		{B1D23CF5-AFF0-1976-55E0-2B498DBAE1B0}.Debug|Any CPU.Build.0 = Debug|Any CPU
		{B1D23CF5-AFF0-1976-55E0-2B498DBAE1B0}.Release|Any CPU.ActiveCfg = Release|Any CPU
		{B1D23CF5-AFF0-1976-55E0-2B498DBAE1B0}.Release|Any CPU.Build.0 = Release|Any CPU
	EndGlobalSection
	GlobalSection(SolutionProperties) = preSolution
		HideSolutionNode = FALSE
	EndGlobalSection
EndGlobal
